
Microsoft Visual Studio Solution File, Format Version 12.00
# Visual Studio Version 17
VisualStudioVersion = 17.4.33213.308
MinimumVisualStudioVersion = 10.0.40219.1
Project("{9A19103F-16F7-4668-BE54-9A1E7A4F7556}") = "NunoSolutions.ImageUpload.YT", "NunoSolutions.ImageUpload.YT\NunoSolutions.ImageUpload.YT.csproj", "{F1CF0CE4-9A2B-4698-BB4F-5458B703B706}"
EndProject
Project("{2150E333-8FDC-42A3-9474-1A3956D46DE8}") = "Solution", "Solution", "{E5B18FC2-AAF5-4F13-88E9-431738146245}"
	ProjectSection(SolutionItems) = preProject
		ReadMe.md = ReadMe.md
	EndProjectSection
EndProject
Global
	GlobalSection(SolutionConfigurationPlatforms) = preSolution
		Debug|Any CPU = Debug|Any CPU
		Release|Any CPU = Release|Any CPU
	EndGlobalSection
	GlobalSection(ProjectConfigurationPlatforms) = postSolution
		{F1CF0CE4-9A2B-4698-BB4F-5458B703B706}.Debug|Any CPU.ActiveCfg = Debug|Any CPU
		{F1CF0CE4-9A2B-4698-BB4F-5458B703B706}.Debug|Any CPU.Build.0 = Debug|Any CPU
		{F1CF0CE4-9A2B-4698-BB4F-5458B703B706}.Release|Any CPU.ActiveCfg = Release|Any CPU
		{F1CF0CE4-9A2B-4698-BB4F-5458B703B706}.Release|Any CPU.Build.0 = Release|Any CPU
	EndGlobalSection
	GlobalSection(SolutionProperties) = preSolution
		HideSolutionNode = FALSE
	EndGlobalSection
	GlobalSection(ExtensibilityGlobals) = postSolution
		SolutionGuid = {20D863A9-F9E7-4805-BF6C-B6BA2515E223}
	EndGlobalSection
EndGlobal
